// !$*UTF8*$!
{
	archiveVersion = 1;
	classes = {
	};
	objectVersion = 50;
	objects = {

/* Begin PBXBuildFile section */
		305FD59F254C70DC008939F3 /* AppDelegate.swift in Sources */ = {isa = PBXBuildFile; fileRef = 305FD59E254C70DC008939F3 /* AppDelegate.swift */; };
		305FD5A1254C70DC008939F3 /* SceneDelegate.swift in Sources */ = {isa = PBXBuildFile; fileRef = 305FD5A0254C70DC008939F3 /* SceneDelegate.swift */; };
		305FD5A3254C70DC008939F3 /* ViewController.swift in Sources */ = {isa = PBXBuildFile; fileRef = 305FD5A2254C70DC008939F3 /* ViewController.swift */; };
		305FD5A6254C70DC008939F3 /* Main.storyboard in Resources */ = {isa = PBXBuildFile; fileRef = 305FD5A4254C70DC008939F3 /* Main.storyboard */; };
		305FD5A8254C70DE008939F3 /* Assets.xcassets in Resources */ = {isa = PBXBuildFile; fileRef = 305FD5A7254C70DE008939F3 /* Assets.xcassets */; };
		305FD5AB254C70DE008939F3 /* LaunchScreen.storyboard in Resources */ = {isa = PBXBuildFile; fileRef = 305FD5A9254C70DE008939F3 /* LaunchScreen.storyboard */; };
		305FD5B6254C70DF008939F3 /* ASLTranslatorTests.swift in Sources */ = {isa = PBXBuildFile; fileRef = 305FD5B5254C70DF008939F3 /* ASLTranslatorTests.swift */; };
		305FD5C1254C70DF008939F3 /* ASLTranslatorUITests.swift in Sources */ = {isa = PBXBuildFile; fileRef = 305FD5C0254C70DF008939F3 /* ASLTranslatorUITests.swift */; };
/* End PBXBuildFile section */

/* Begin PBXContainerItemProxy section */
		305FD5B2254C70DF008939F3 /* PBXContainerItemProxy */ = {
			isa = PBXContainerItemProxy;
			containerPortal = 305FD593254C70DC008939F3 /* Project object */;
			proxyType = 1;
			remoteGlobalIDString = 305FD59A254C70DC008939F3;
			remoteInfo = ASLTranslator;
		};
		305FD5BD254C70DF008939F3 /* PBXContainerItemProxy */ = {
			isa = PBXContainerItemProxy;
			containerPortal = 305FD593254C70DC008939F3 /* Project object */;
			proxyType = 1;
			remoteGlobalIDString = 305FD59A254C70DC008939F3;
			remoteInfo = ASLTranslator;
		};
/* End PBXContainerItemProxy section */

/* Begin PBXFileReference section */
		305FD59B254C70DC008939F3 /* ASLTranslator.app */ = {isa = PBXFileReference; explicitFileType = wrapper.application; includeInIndex = 0; path = ASLTranslator.app; sourceTree = BUILT_PRODUCTS_DIR; };
		305FD59E254C70DC008939F3 /* AppDelegate.swift */ = {isa = PBXFileReference; lastKnownFileType = sourcecode.swift; path = AppDelegate.swift; sourceTree = "<group>"; };
		305FD5A0254C70DC008939F3 /* SceneDelegate.swift */ = {isa = PBXFileReference; lastKnownFileType = sourcecode.swift; path = SceneDelegate.swift; sourceTree = "<group>"; };
		305FD5A2254C70DC008939F3 /* ViewController.swift */ = {isa = PBXFileReference; lastKnownFileType = sourcecode.swift; path = ViewController.swift; sourceTree = "<group>"; };
		305FD5A5254C70DC008939F3 /* Base */ = {isa = PBXFileReference; lastKnownFileType = file.storyboard; name = Base; path = Base.lproj/Main.storyboard; sourceTree = "<group>"; };
		305FD5A7254C70DE008939F3 /* Assets.xcassets */ = {isa = PBXFileReference; lastKnownFileType = folder.assetcatalog; path = Assets.xcassets; sourceTree = "<group>"; };
		305FD5AA254C70DE008939F3 /* Base */ = {isa = PBXFileReference; lastKnownFileType = file.storyboard; name = Base; path = Base.lproj/LaunchScreen.storyboard; sourceTree = "<group>"; };
		305FD5AC254C70DE008939F3 /* Info.plist */ = {isa = PBXFileReference; lastKnownFileType = text.plist.xml; path = Info.plist; sourceTree = "<group>"; };
		305FD5B1254C70DE008939F3 /* ASLTranslatorTests.xctest */ = {isa = PBXFileReference; explicitFileType = wrapper.cfbundle; includeInIndex = 0; path = ASLTranslatorTests.xctest; sourceTree = BUILT_PRODUCTS_DIR; };
		305FD5B5254C70DF008939F3 /* ASLTranslatorTests.swift */ = {isa = PBXFileReference; lastKnownFileType = sourcecode.swift; path = ASLTranslatorTests.swift; sourceTree = "<group>"; };
		305FD5B7254C70DF008939F3 /* Info.plist */ = {isa = PBXFileReference; lastKnownFileType = text.plist.xml; path = Info.plist; sourceTree = "<group>"; };
		305FD5BC254C70DF008939F3 /* ASLTranslatorUITests.xctest */ = {isa = PBXFileReference; explicitFileType = wrapper.cfbundle; includeInIndex = 0; path = ASLTranslatorUITests.xctest; sourceTree = BUILT_PRODUCTS_DIR; };
		305FD5C0254C70DF008939F3 /* ASLTranslatorUITests.swift */ = {isa = PBXFileReference; lastKnownFileType = sourcecode.swift; path = ASLTranslatorUITests.swift; sourceTree = "<group>"; };
		305FD5C2254C70DF008939F3 /* Info.plist */ = {isa = PBXFileReference; lastKnownFileType = text.plist.xml; path = Info.plist; sourceTree = "<group>"; };
/* End PBXFileReference section */

/* Begin PBXFrameworksBuildPhase section */
		305FD598254C70DC008939F3 /* Frameworks */ = {
			isa = PBXFrameworksBuildPhase;
			buildActionMask = 2147483647;
			files = (
			);
			runOnlyForDeploymentPostprocessing = 0;
		};
		305FD5AE254C70DE008939F3 /* Frameworks */ = {
			isa = PBXFrameworksBuildPhase;
			buildActionMask = 2147483647;
			files = (
			);
			runOnlyForDeploymentPostprocessing = 0;
		};
		305FD5B9254C70DF008939F3 /* Frameworks */ = {
			isa = PBXFrameworksBuildPhase;
			buildActionMask = 2147483647;
			files = (
			);
			runOnlyForDeploymentPostprocessing = 0;
		};
/* End PBXFrameworksBuildPhase section */

/* Begin PBXGroup section */
		305FD592254C70DC008939F3 = {
			isa = PBXGroup;
			children = (
				305FD59D254C70DC008939F3 /* ASLTranslator */,
				305FD5B4254C70DF008939F3 /* ASLTranslatorTests */,
				305FD5BF254C70DF008939F3 /* ASLTranslatorUITests */,
				305FD59C254C70DC008939F3 /* Products */,
			);
			sourceTree = "<group>";
		};
		305FD59C254C70DC008939F3 /* Products */ = {
			isa = PBXGroup;
			children = (
				305FD59B254C70DC008939F3 /* ASLTranslator.app */,
				305FD5B1254C70DE008939F3 /* ASLTranslatorTests.xctest */,
				305FD5BC254C70DF008939F3 /* ASLTranslatorUITests.xctest */,
			);
			name = Products;
			sourceTree = "<group>";
		};
		305FD59D254C70DC008939F3 /* ASLTranslator */ = {
			isa = PBXGroup;
			children = (
				305FD59E254C70DC008939F3 /* AppDelegate.swift */,
				305FD5A0254C70DC008939F3 /* SceneDelegate.swift */,
				305FD5A2254C70DC008939F3 /* ViewController.swift */,
				305FD5A4254C70DC008939F3 /* Main.storyboard */,
				305FD5A7254C70DE008939F3 /* Assets.xcassets */,
				305FD5A9254C70DE008939F3 /* LaunchScreen.storyboard */,
				305FD5AC254C70DE008939F3 /* Info.plist */,
			);
			path = ASLTranslator;
			sourceTree = "<group>";
		};
		305FD5B4254C70DF008939F3 /* ASLTranslatorTests */ = {
			isa = PBXGroup;
			children = (
				305FD5B5254C70DF008939F3 /* ASLTranslatorTests.swift */,
				305FD5B7254C70DF008939F3 /* Info.plist */,
			);
			path = ASLTranslatorTests;
			sourceTree = "<group>";
		};
		305FD5BF254C70DF008939F3 /* ASLTranslatorUITests */ = {
			isa = PBXGroup;
			children = (
				305FD5C0254C70DF008939F3 /* ASLTranslatorUITests.swift */,
				305FD5C2254C70DF008939F3 /* Info.plist */,
			);
			path = ASLTranslatorUITests;
			sourceTree = "<group>";
		};
/* End PBXGroup section */

/* Begin PBXNativeTarget section */
		305FD59A254C70DC008939F3 /* ASLTranslator */ = {
			isa = PBXNativeTarget;
			buildConfigurationList = 305FD5C5254C70DF008939F3 /* Build configuration list for PBXNativeTarget "ASLTranslator" */;
			buildPhases = (
				305FD597254C70DC008939F3 /* Sources */,
				305FD598254C70DC008939F3 /* Frameworks */,
				305FD599254C70DC008939F3 /* Resources */,
			);
			buildRules = (
			);
			dependencies = (
			);
			name = ASLTranslator;
			productName = ASLTranslator;
			productReference = 305FD59B254C70DC008939F3 /* ASLTranslator.app */;
			productType = "com.apple.product-type.application";
		};
		305FD5B0254C70DE008939F3 /* ASLTranslatorTests */ = {
			isa = PBXNativeTarget;
			buildConfigurationList = 305FD5C8254C70DF008939F3 /* Build configuration list for PBXNativeTarget "ASLTranslatorTests" */;
			buildPhases = (
				305FD5AD254C70DE008939F3 /* Sources */,
				305FD5AE254C70DE008939F3 /* Frameworks */,
				305FD5AF254C70DE008939F3 /* Resources */,
			);
			buildRules = (
			);
			dependencies = (
				305FD5B3254C70DF008939F3 /* PBXTargetDependency */,
			);
			name = ASLTranslatorTests;
			productName = ASLTranslatorTests;
			productReference = 305FD5B1254C70DE008939F3 /* ASLTranslatorTests.xctest */;
			productType = "com.apple.product-type.bundle.unit-test";
		};
		305FD5BB254C70DF008939F3 /* ASLTranslatorUITests */ = {
			isa = PBXNativeTarget;
			buildConfigurationList = 305FD5CB254C70DF008939F3 /* Build configuration list for PBXNativeTarget "ASLTranslatorUITests" */;
			buildPhases = (
				305FD5B8254C70DF008939F3 /* Sources */,
				305FD5B9254C70DF008939F3 /* Frameworks */,
				305FD5BA254C70DF008939F3 /* Resources */,
			);
			buildRules = (
			);
			dependencies = (
				305FD5BE254C70DF008939F3 /* PBXTargetDependency */,
			);
			name = ASLTranslatorUITests;
			productName = ASLTranslatorUITests;
			productReference = 305FD5BC254C70DF008939F3 /* ASLTranslatorUITests.xctest */;
			productType = "com.apple.product-type.bundle.ui-testing";
		};
/* End PBXNativeTarget section */

/* Begin PBXProject section */
		305FD593254C70DC008939F3 /* Project object */ = {
			isa = PBXProject;
			attributes = {
				LastSwiftUpdateCheck = 1210;
				LastUpgradeCheck = 1210;
				TargetAttributes = {
					305FD59A254C70DC008939F3 = {
						CreatedOnToolsVersion = 12.1;
					};
					305FD5B0254C70DE008939F3 = {
						CreatedOnToolsVersion = 12.1;
						TestTargetID = 305FD59A254C70DC008939F3;
					};
					305FD5BB254C70DF008939F3 = {
						CreatedOnToolsVersion = 12.1;
						TestTargetID = 305FD59A254C70DC008939F3;
					};
				};
			};
			buildConfigurationList = 305FD596254C70DC008939F3 /* Build configuration list for PBXProject "ASLTranslator" */;
			compatibilityVersion = "Xcode 9.3";
			developmentRegion = en;
			hasScannedForEncodings = 0;
			knownRegions = (
				en,
				Base,
			);
			mainGroup = 305FD592254C70DC008939F3;
			productRefGroup = 305FD59C254C70DC008939F3 /* Products */;
			projectDirPath = "";
			projectRoot = "";
			targets = (
				305FD59A254C70DC008939F3 /* ASLTranslator */,
				305FD5B0254C70DE008939F3 /* ASLTranslatorTests */,
				305FD5BB254C70DF008939F3 /* ASLTranslatorUITests */,
			);
		};
/* End PBXProject section */

/* Begin PBXResourcesBuildPhase section */
		305FD599254C70DC008939F3 /* Resources */ = {
			isa = PBXResourcesBuildPhase;
			buildActionMask = 2147483647;
			files = (
				305FD5AB254C70DE008939F3 /* LaunchScreen.storyboard in Resources */,
				305FD5A8254C70DE008939F3 /* Assets.xcassets in Resources */,
				305FD5A6254C70DC008939F3 /* Main.storyboard in Resources */,
			);
			runOnlyForDeploymentPostprocessing = 0;
		};
		305FD5AF254C70DE008939F3 /* Resources */ = {
			isa = PBXResourcesBuildPhase;
			buildActionMask = 2147483647;
			files = (
			);
			runOnlyForDeploymentPostprocessing = 0;
		};
		305FD5BA254C70DF008939F3 /* Resources */ = {
			isa = PBXResourcesBuildPhase;
			buildActionMask = 2147483647;
			files = (
			);
			runOnlyForDeploymentPostprocessing = 0;
		};
/* End PBXResourcesBuildPhase section */

/* Begin PBXSourcesBuildPhase section */
		305FD597254C70DC008939F3 /* Sources */ = {
			isa = PBXSourcesBuildPhase;
			buildActionMask = 2147483647;
			files = (
				305FD5A3254C70DC008939F3 /* ViewController.swift in Sources */,
				305FD59F254C70DC008939F3 /* AppDelegate.swift in Sources */,
				305FD5A1254C70DC008939F3 /* SceneDelegate.swift in Sources */,
			);
			runOnlyForDeploymentPostprocessing = 0;
		};
		305FD5AD254C70DE008939F3 /* Sources */ = {
			isa = PBXSourcesBuildPhase;
			buildActionMask = 2147483647;
			files = (
				305FD5B6254C70DF008939F3 /* ASLTranslatorTests.swift in Sources */,
			);
			runOnlyForDeploymentPostprocessing = 0;
		};
		305FD5B8254C70DF008939F3 /* Sources */ = {
			isa = PBXSourcesBuildPhase;
			buildActionMask = 2147483647;
			files = (
				305FD5C1254C70DF008939F3 /* ASLTranslatorUITests.swift in Sources */,
			);
			runOnlyForDeploymentPostprocessing = 0;
		};
/* End PBXSourcesBuildPhase section */

/* Begin PBXTargetDependency section */
		305FD5B3254C70DF008939F3 /* PBXTargetDependency */ = {
			isa = PBXTargetDependency;
			target = 305FD59A254C70DC008939F3 /* ASLTranslator */;
			targetProxy = 305FD5B2254C70DF008939F3 /* PBXContainerItemProxy */;
		};
		305FD5BE254C70DF008939F3 /* PBXTargetDependency */ = {
			isa = PBXTargetDependency;
			target = 305FD59A254C70DC008939F3 /* ASLTranslator */;
			targetProxy = 305FD5BD254C70DF008939F3 /* PBXContainerItemProxy */;
		};
/* End PBXTargetDependency section */

/* Begin PBXVariantGroup section */
		305FD5A4254C70DC008939F3 /* Main.storyboard */ = {
			isa = PBXVariantGroup;
			children = (
				305FD5A5254C70DC008939F3 /* Base */,
			);
			name = Main.storyboard;
			sourceTree = "<group>";
		};
		305FD5A9254C70DE008939F3 /* LaunchScreen.storyboard */ = {
			isa = PBXVariantGroup;
			children = (
				305FD5AA254C70DE008939F3 /* Base */,
			);
			name = LaunchScreen.storyboard;
			sourceTree = "<group>";
		};
/* End PBXVariantGroup section */

/* Begin XCBuildConfiguration section */
		305FD5C3254C70DF008939F3 /* Debug */ = {
			isa = XCBuildConfiguration;
			buildSettings = {
				ALWAYS_SEARCH_USER_PATHS = NO;
				CLANG_ANALYZER_NONNULL = YES;
				CLANG_ANALYZER_NUMBER_OBJECT_CONVERSION = YES_AGGRESSIVE;
				CLANG_CXX_LANGUAGE_STANDARD = "gnu++14";
				CLANG_CXX_LIBRARY = "libc++";
				CLANG_ENABLE_MODULES = YES;
				CLANG_ENABLE_OBJC_ARC = YES;
				CLANG_ENABLE_OBJC_WEAK = YES;
				CLANG_WARN_BLOCK_CAPTURE_AUTORELEASING = YES;
				CLANG_WARN_BOOL_CONVERSION = YES;
				CLANG_WARN_COMMA = YES;
				CLANG_WARN_CONSTANT_CONVERSION = YES;
				CLANG_WARN_DEPRECATED_OBJC_IMPLEMENTATIONS = YES;
				CLANG_WARN_DIRECT_OBJC_ISA_USAGE = YES_ERROR;
				CLANG_WARN_DOCUMENTATION_COMMENTS = YES;
				CLANG_WARN_EMPTY_BODY = YES;
				CLANG_WARN_ENUM_CONVERSION = YES;
				CLANG_WARN_INFINITE_RECURSION = YES;
				CLANG_WARN_INT_CONVERSION = YES;
				CLANG_WARN_NON_LITERAL_NULL_CONVERSION = YES;
				CLANG_WARN_OBJC_IMPLICIT_RETAIN_SELF = YES;
				CLANG_WARN_OBJC_LITERAL_CONVERSION = YES;
				CLANG_WARN_OBJC_ROOT_CLASS = YES_ERROR;
				CLANG_WARN_QUOTED_INCLUDE_IN_FRAMEWORK_HEADER = YES;
				CLANG_WARN_RANGE_LOOP_ANALYSIS = YES;
				CLANG_WARN_STRICT_PROTOTYPES = YES;
				CLANG_WARN_SUSPICIOUS_MOVE = YES;
				CLANG_WARN_UNGUARDED_AVAILABILITY = YES_AGGRESSIVE;
				CLANG_WARN_UNREACHABLE_CODE = YES;
				CLANG_WARN__DUPLICATE_METHOD_MATCH = YES;
				COPY_PHASE_STRIP = NO;
				DEBUG_INFORMATION_FORMAT = dwarf;
				ENABLE_STRICT_OBJC_MSGSEND = YES;
				ENABLE_TESTABILITY = YES;
				GCC_C_LANGUAGE_STANDARD = gnu11;
				GCC_DYNAMIC_NO_PIC = NO;
				GCC_NO_COMMON_BLOCKS = YES;
				GCC_OPTIMIZATION_LEVEL = 0;
				GCC_PREPROCESSOR_DEFINITIONS = (
					"DEBUG=1",
					"$(inherited)",
				);
				GCC_WARN_64_TO_32_BIT_CONVERSION = YES;
				GCC_WARN_ABOUT_RETURN_TYPE = YES_ERROR;
				GCC_WARN_UNDECLARED_SELECTOR = YES;
				GCC_WARN_UNINITIALIZED_AUTOS = YES_AGGRESSIVE;
				GCC_WARN_UNUSED_FUNCTION = YES;
				GCC_WARN_UNUSED_VARIABLE = YES;
				IPHONEOS_DEPLOYMENT_TARGET = 14.1;
				MTL_ENABLE_DEBUG_INFO = INCLUDE_SOURCE;
				MTL_FAST_MATH = YES;
				ONLY_ACTIVE_ARCH = YES;
				SDKROOT = iphoneos;
				SWIFT_ACTIVE_COMPILATION_CONDITIONS = DEBUG;
				SWIFT_OPTIMIZATION_LEVEL = "-Onone";
			};
			name = Debug;
		};
		305FD5C4254C70DF008939F3 /* Release */ = {
			isa = XCBuildConfiguration;
			buildSettings = {
				ALWAYS_SEARCH_USER_PATHS = NO;
				CLANG_ANALYZER_NONNULL = YES;
				CLANG_ANALYZER_NUMBER_OBJECT_CONVERSION = YES_AGGRESSIVE;
				CLANG_CXX_LANGUAGE_STANDARD = "gnu++14";
				CLANG_CXX_LIBRARY = "libc++";
				CLANG_ENABLE_MODULES = YES;
				CLANG_ENABLE_OBJC_ARC = YES;
				CLANG_ENABLE_OBJC_WEAK = YES;
				CLANG_WARN_BLOCK_CAPTURE_AUTORELEASING = YES;
				CLANG_WARN_BOOL_CONVERSION = YES;
				CLANG_WARN_COMMA = YES;
				CLANG_WARN_CONSTANT_CONVERSION = YES;
				CLANG_WARN_DEPRECATED_OBJC_IMPLEMENTATIONS = YES;
				CLANG_WARN_DIRECT_OBJC_ISA_USAGE = YES_ERROR;
				CLANG_WARN_DOCUMENTATION_COMMENTS = YES;
				CLANG_WARN_EMPTY_BODY = YES;
				CLANG_WARN_ENUM_CONVERSION = YES;
				CLANG_WARN_INFINITE_RECURSION = YES;
				CLANG_WARN_INT_CONVERSION = YES;
				CLANG_WARN_NON_LITERAL_NULL_CONVERSION = YES;
				CLANG_WARN_OBJC_IMPLICIT_RETAIN_SELF = YES;
				CLANG_WARN_OBJC_LITERAL_CONVERSION = YES;
				CLANG_WARN_OBJC_ROOT_CLASS = YES_ERROR;
				CLANG_WARN_QUOTED_INCLUDE_IN_FRAMEWORK_HEADER = YES;
				CLANG_WARN_RANGE_LOOP_ANALYSIS = YES;
				CLANG_WARN_STRICT_PROTOTYPES = YES;
				CLANG_WARN_SUSPICIOUS_MOVE = YES;
				CLANG_WARN_UNGUARDED_AVAILABILITY = YES_AGGRESSIVE;
				CLANG_WARN_UNREACHABLE_CODE = YES;
				CLANG_WARN__DUPLICATE_METHOD_MATCH = YES;
				COPY_PHASE_STRIP = NO;
				DEBUG_INFORMATION_FORMAT = "dwarf-with-dsym";
				ENABLE_NS_ASSERTIONS = NO;
				ENABLE_STRICT_OBJC_MSGSEND = YES;
				GCC_C_LANGUAGE_STANDARD = gnu11;
				GCC_NO_COMMON_BLOCKS = YES;
				GCC_WARN_64_TO_32_BIT_CONVERSION = YES;
				GCC_WARN_ABOUT_RETURN_TYPE = YES_ERROR;
				GCC_WARN_UNDECLARED_SELECTOR = YES;
				GCC_WARN_UNINITIALIZED_AUTOS = YES_AGGRESSIVE;
				GCC_WARN_UNUSED_FUNCTION = YES;
				GCC_WARN_UNUSED_VARIABLE = YES;
				IPHONEOS_DEPLOYMENT_TARGET = 14.1;
				MTL_ENABLE_DEBUG_INFO = NO;
				MTL_FAST_MATH = YES;
				SDKROOT = iphoneos;
				SWIFT_COMPILATION_MODE = wholemodule;
				SWIFT_OPTIMIZATION_LEVEL = "-O";
				VALIDATE_PRODUCT = YES;
			};
			name = Release;
		};
		305FD5C6254C70DF008939F3 /* Debug */ = {
			isa = XCBuildConfiguration;
			buildSettings = {
				ASSETCATALOG_COMPILER_APPICON_NAME = AppIcon;
				ASSETCATALOG_COMPILER_GLOBAL_ACCENT_COLOR_NAME = AccentColor;
				CODE_SIGN_STYLE = Automatic;
				DEVELOPMENT_TEAM = 2856EU3Z8S;
				INFOPLIST_FILE = ASLTranslator/Info.plist;
				LD_RUNPATH_SEARCH_PATHS = (
					"$(inherited)",
					"@executable_path/Frameworks",
				);
				PRODUCT_BUNDLE_IDENTIFIER = cz.aurotech.ASLTranslator;
				PRODUCT_NAME = "$(TARGET_NAME)";
				SWIFT_VERSION = 5.0;
				TARGETED_DEVICE_FAMILY = "1,2";
			};
			name = Debug;
		};
		305FD5C7254C70DF008939F3 /* Release */ = {
			isa = XCBuildConfiguration;
			buildSettings = {
				ASSETCATALOG_COMPILER_APPICON_NAME = AppIcon;
				ASSETCATALOG_COMPILER_GLOBAL_ACCENT_COLOR_NAME = AccentColor;
				CODE_SIGN_STYLE = Automatic;
				DEVELOPMENT_TEAM = 2856EU3Z8S;
				INFOPLIST_FILE = ASLTranslator/Info.plist;
				LD_RUNPATH_SEARCH_PATHS = (
					"$(inherited)",
					"@executable_path/Frameworks",
				);
				PRODUCT_BUNDLE_IDENTIFIER = cz.aurotech.ASLTranslator;
				PRODUCT_NAME = "$(TARGET_NAME)";
				SWIFT_VERSION = 5.0;
				TARGETED_DEVICE_FAMILY = "1,2";
			};
			name = Release;
		};
		305FD5C9254C70DF008939F3 /* Debug */ = {
			isa = XCBuildConfiguration;
			buildSettings = {
				ALWAYS_EMBED_SWIFT_STANDARD_LIBRARIES = YES;
				BUNDLE_LOADER = "$(TEST_HOST)";
				CODE_SIGN_STYLE = Automatic;
				DEVELOPMENT_TEAM = 2856EU3Z8S;
				INFOPLIST_FILE = ASLTranslatorTests/Info.plist;
				IPHONEOS_DEPLOYMENT_TARGET = 14.1;
				LD_RUNPATH_SEARCH_PATHS = (
					"$(inherited)",
					"@executable_path/Frameworks",
					"@loader_path/Frameworks",
				);
				PRODUCT_BUNDLE_IDENTIFIER = cz.aurotech.ASLTranslatorTests;
				PRODUCT_NAME = "$(TARGET_NAME)";
				SWIFT_VERSION = 5.0;
				TARGETED_DEVICE_FAMILY = "1,2";
				TEST_HOST = "$(BUILT_PRODUCTS_DIR)/ASLTranslator.app/ASLTranslator";
			};
			name = Debug;
		};
		305FD5CA254C70DF008939F3 /* Release */ = {
			isa = XCBuildConfiguration;
			buildSettings = {
				ALWAYS_EMBED_SWIFT_STANDARD_LIBRARIES = YES;
				BUNDLE_LOADER = "$(TEST_HOST)";
				CODE_SIGN_STYLE = Automatic;
				DEVELOPMENT_TEAM = 2856EU3Z8S;
				INFOPLIST_FILE = ASLTranslatorTests/Info.plist;
				IPHONEOS_DEPLOYMENT_TARGET = 14.1;
				LD_RUNPATH_SEARCH_PATHS = (
					"$(inherited)",
					"@executable_path/Frameworks",
					"@loader_path/Frameworks",
				);
				PRODUCT_BUNDLE_IDENTIFIER = cz.aurotech.ASLTranslatorTests;
				PRODUCT_NAME = "$(TARGET_NAME)";
				SWIFT_VERSION = 5.0;
				TARGETED_DEVICE_FAMILY = "1,2";
				TEST_HOST = "$(BUILT_PRODUCTS_DIR)/ASLTranslator.app/ASLTranslator";
			};
			name = Release;
		};
		305FD5CC254C70DF008939F3 /* Debug */ = {
			isa = XCBuildConfiguration;
			buildSettings = {
				ALWAYS_EMBED_SWIFT_STANDARD_LIBRARIES = YES;
				CODE_SIGN_STYLE = Automatic;
				DEVELOPMENT_TEAM = 2856EU3Z8S;
				INFOPLIST_FILE = ASLTranslatorUITests/Info.plist;
				LD_RUNPATH_SEARCH_PATHS = (
					"$(inherited)",
					"@executable_path/Frameworks",
					"@loader_path/Frameworks",
				);
				PRODUCT_BUNDLE_IDENTIFIER = cz.aurotech.ASLTranslatorUITests;
				PRODUCT_NAME = "$(TARGET_NAME)";
				SWIFT_VERSION = 5.0;
				TARGETED_DEVICE_FAMILY = "1,2";
				TEST_TARGET_NAME = ASLTranslator;
			};
			name = Debug;
		};
		305FD5CD254C70DF008939F3 /* Release */ = {
			isa = XCBuildConfiguration;
			buildSettings = {
				ALWAYS_EMBED_SWIFT_STANDARD_LIBRARIES = YES;
				CODE_SIGN_STYLE = Automatic;
				DEVELOPMENT_TEAM = 2856EU3Z8S;
				INFOPLIST_FILE = ASLTranslatorUITests/Info.plist;
				LD_RUNPATH_SEARCH_PATHS = (
					"$(inherited)",
					"@executable_path/Frameworks",
					"@loader_path/Frameworks",
				);
				PRODUCT_BUNDLE_IDENTIFIER = cz.aurotech.ASLTranslatorUITests;
				PRODUCT_NAME = "$(TARGET_NAME)";
				SWIFT_VERSION = 5.0;
				TARGETED_DEVICE_FAMILY = "1,2";
				TEST_TARGET_NAME = ASLTranslator;
			};
			name = Release;
		};
/* End XCBuildConfiguration section */

/* Begin XCConfigurationList section */
		305FD596254C70DC008939F3 /* Build configuration list for PBXProject "ASLTranslator" */ = {
			isa = XCConfigurationList;
			buildConfigurations = (
				305FD5C3254C70DF008939F3 /* Debug */,
				305FD5C4254C70DF008939F3 /* Release */,
			);
			defaultConfigurationIsVisible = 0;
			defaultConfigurationName = Release;
		};
		305FD5C5254C70DF008939F3 /* Build configuration list for PBXNativeTarget "ASLTranslator" */ = {
			isa = XCConfigurationList;
			buildConfigurations = (
				305FD5C6254C70DF008939F3 /* Debug */,
				305FD5C7254C70DF008939F3 /* Release */,
			);
			defaultConfigurationIsVisible = 0;
			defaultConfigurationName = Release;
		};
		305FD5C8254C70DF008939F3 /* Build configuration list for PBXNativeTarget "ASLTranslatorTests" */ = {
			isa = XCConfigurationList;
			buildConfigurations = (
				305FD5C9254C70DF008939F3 /* Debug */,
				305FD5CA254C70DF008939F3 /* Release */,
			);
			defaultConfigurationIsVisible = 0;
			defaultConfigurationName = Release;
		};
		305FD5CB254C70DF008939F3 /* Build configuration list for PBXNativeTarget "ASLTranslatorUITests" */ = {
			isa = XCConfigurationList;
			buildConfigurations = (
				305FD5CC254C70DF008939F3 /* Debug */,
				305FD5CD254C70DF008939F3 /* Release */,
			);
			defaultConfigurationIsVisible = 0;
			defaultConfigurationName = Release;
		};
/* End XCConfigurationList section */
	};
	rootObject = 305FD593254C70DC008939F3 /* Project object */;
}
